// !$*UTF8*$!
{
	archiveVersion = 1;
	classes = {
	};
	objectVersion = 55;
	objects = {

/* Begin PBXBuildFile section */
		6BF1FAEF2766062500883114 /* NewsUIAppApp.swift in Sources */ = {isa = PBXBuildFile; fileRef = 6BF1FAEE2766062500883114 /* NewsUIAppApp.swift */; };
		6BF1FAF32766062B00883114 /* Assets.xcassets in Resources */ = {isa = PBXBuildFile; fileRef = 6BF1FAF22766062B00883114 /* Assets.xcassets */; };
		6BF1FAF62766062B00883114 /* Preview Assets.xcassets in Resources */ = {isa = PBXBuildFile; fileRef = 6BF1FAF52766062B00883114 /* Preview Assets.xcassets */; };
		6BF1FAFE2766090300883114 /* HomeView.swift in Sources */ = {isa = PBXBuildFile; fileRef = 6BF1FAFD2766090300883114 /* HomeView.swift */; };
		6BF1FB0127660A2700883114 /* NewsRo.swift in Sources */ = {isa = PBXBuildFile; fileRef = 6BF1FB0027660A2700883114 /* NewsRo.swift */; };
		6BF1FB0427661FA200883114 /* NewsEndpoint.swift in Sources */ = {isa = PBXBuildFile; fileRef = 6BF1FB0327661FA200883114 /* NewsEndpoint.swift */; };
		6BF1FB072766217800883114 /* APIError.swift in Sources */ = {isa = PBXBuildFile; fileRef = 6BF1FB062766217800883114 /* APIError.swift */; };
		6BF1FB0A2766230C00883114 /* NewsService.swift in Sources */ = {isa = PBXBuildFile; fileRef = 6BF1FB092766230C00883114 /* NewsService.swift */; };
		6BF1FB0D27662A5B00883114 /* ResultState.swift in Sources */ = {isa = PBXBuildFile; fileRef = 6BF1FB0C27662A5B00883114 /* ResultState.swift */; };
		6BF1FB1027662B1D00883114 /* NewsViewModel.swift in Sources */ = {isa = PBXBuildFile; fileRef = 6BF1FB0F27662B1D00883114 /* NewsViewModel.swift */; };
		6BF1FB13276635F500883114 /* URLImage in Frameworks */ = {isa = PBXBuildFile; productRef = 6BF1FB12276635F500883114 /* URLImage */; };
		6BF1FB15276635F500883114 /* URLImageStore in Frameworks */ = {isa = PBXBuildFile; productRef = 6BF1FB14276635F500883114 /* URLImageStore */; };
		6BF1FB172766363D00883114 /* ArticleView.swift in Sources */ = {isa = PBXBuildFile; fileRef = 6BF1FB162766363D00883114 /* ArticleView.swift */; };
		6BF1FB1927663E5F00883114 /* ErrorView.swift in Sources */ = {isa = PBXBuildFile; fileRef = 6BF1FB1827663E5F00883114 /* ErrorView.swift */; };
/* End PBXBuildFile section */

/* Begin PBXFileReference section */
		6BF1FAEB2766062500883114 /* NewsUIApp.app */ = {isa = PBXFileReference; explicitFileType = wrapper.application; includeInIndex = 0; path = NewsUIApp.app; sourceTree = BUILT_PRODUCTS_DIR; };
		6BF1FAEE2766062500883114 /* NewsUIAppApp.swift */ = {isa = PBXFileReference; lastKnownFileType = sourcecode.swift; path = NewsUIAppApp.swift; sourceTree = "<group>"; };
		6BF1FAF22766062B00883114 /* Assets.xcassets */ = {isa = PBXFileReference; lastKnownFileType = folder.assetcatalog; path = Assets.xcassets; sourceTree = "<group>"; };
		6BF1FAF52766062B00883114 /* Preview Assets.xcassets */ = {isa = PBXFileReference; lastKnownFileType = folder.assetcatalog; path = "Preview Assets.xcassets"; sourceTree = "<group>"; };
		6BF1FAFD2766090300883114 /* HomeView.swift */ = {isa = PBXFileReference; lastKnownFileType = sourcecode.swift; path = HomeView.swift; sourceTree = "<group>"; };
		6BF1FB0027660A2700883114 /* NewsRo.swift */ = {isa = PBXFileReference; lastKnownFileType = sourcecode.swift; path = NewsRo.swift; sourceTree = "<group>"; };
		6BF1FB0327661FA200883114 /* NewsEndpoint.swift */ = {isa = PBXFileReference; lastKnownFileType = sourcecode.swift; path = NewsEndpoint.swift; sourceTree = "<group>"; };
		6BF1FB062766217800883114 /* APIError.swift */ = {isa = PBXFileReference; lastKnownFileType = sourcecode.swift; path = APIError.swift; sourceTree = "<group>"; };
		6BF1FB092766230C00883114 /* NewsService.swift */ = {isa = PBXFileReference; lastKnownFileType = sourcecode.swift; path = NewsService.swift; sourceTree = "<group>"; };
		6BF1FB0C27662A5B00883114 /* ResultState.swift */ = {isa = PBXFileReference; lastKnownFileType = sourcecode.swift; path = ResultState.swift; sourceTree = "<group>"; };
		6BF1FB0F27662B1D00883114 /* NewsViewModel.swift */ = {isa = PBXFileReference; lastKnownFileType = sourcecode.swift; path = NewsViewModel.swift; sourceTree = "<group>"; };
		6BF1FB162766363D00883114 /* ArticleView.swift */ = {isa = PBXFileReference; lastKnownFileType = sourcecode.swift; path = ArticleView.swift; sourceTree = "<group>"; };
		6BF1FB1827663E5F00883114 /* ErrorView.swift */ = {isa = PBXFileReference; lastKnownFileType = sourcecode.swift; path = ErrorView.swift; sourceTree = "<group>"; };
/* End PBXFileReference section */

/* Begin PBXFrameworksBuildPhase section */
		6BF1FAE82766062500883114 /* Frameworks */ = {
			isa = PBXFrameworksBuildPhase;
			buildActionMask = 2147483647;
			files = (
				6BF1FB15276635F500883114 /* URLImageStore in Frameworks */,
				6BF1FB13276635F500883114 /* URLImage in Frameworks */,
			);
			runOnlyForDeploymentPostprocessing = 0;
		};
/* End PBXFrameworksBuildPhase section */

/* Begin PBXGroup section */
		6BF1FAE22766062500883114 = {
			isa = PBXGroup;
			children = (
				6BF1FAED2766062500883114 /* NewsUIApp */,
				6BF1FAEC2766062500883114 /* Products */,
			);
			sourceTree = "<group>";
		};
		6BF1FAEC2766062500883114 /* Products */ = {
			isa = PBXGroup;
			children = (
				6BF1FAEB2766062500883114 /* NewsUIApp.app */,
			);
			name = Products;
			sourceTree = "<group>";
		};
		6BF1FAED2766062500883114 /* NewsUIApp */ = {
			isa = PBXGroup;
			children = (
				6BF1FB0E27662B0C00883114 /* ViewModel */,
				6BF1FB0B27662A2400883114 /* States */,
				6BF1FB082766229F00883114 /* Service */,
				6BF1FB052766216200883114 /* Error */,
				6BF1FB0227661F7500883114 /* Endpoint */,
				6BF1FAFF27660A0F00883114 /* Models */,
				6BF1FAFC276608EB00883114 /* Views */,
				6BF1FAEE2766062500883114 /* NewsUIAppApp.swift */,
				6BF1FAF22766062B00883114 /* Assets.xcassets */,
				6BF1FAF42766062B00883114 /* Preview Content */,
			);
			path = NewsUIApp;
			sourceTree = "<group>";
		};
		6BF1FAF42766062B00883114 /* Preview Content */ = {
			isa = PBXGroup;
			children = (
				6BF1FAF52766062B00883114 /* Preview Assets.xcassets */,
			);
			path = "Preview Content";
			sourceTree = "<group>";
		};
		6BF1FAFC276608EB00883114 /* Views */ = {
			isa = PBXGroup;
			children = (
				6BF1FAFD2766090300883114 /* HomeView.swift */,
				6BF1FB162766363D00883114 /* ArticleView.swift */,
				6BF1FB1827663E5F00883114 /* ErrorView.swift */,
			);
			path = Views;
			sourceTree = "<group>";
		};
		6BF1FAFF27660A0F00883114 /* Models */ = {
			isa = PBXGroup;
			children = (
				6BF1FB0027660A2700883114 /* NewsRo.swift */,
			);
			path = Models;
			sourceTree = "<group>";
		};
		6BF1FB0227661F7500883114 /* Endpoint */ = {
			isa = PBXGroup;
			children = (
				6BF1FB0327661FA200883114 /* NewsEndpoint.swift */,
			);
			path = Endpoint;
			sourceTree = "<group>";
		};
		6BF1FB052766216200883114 /* Error */ = {
			isa = PBXGroup;
			children = (
				6BF1FB062766217800883114 /* APIError.swift */,
			);
			path = Error;
			sourceTree = "<group>";
		};
		6BF1FB082766229F00883114 /* Service */ = {
			isa = PBXGroup;
			children = (
				6BF1FB092766230C00883114 /* NewsService.swift */,
			);
			path = Service;
			sourceTree = "<group>";
		};
		6BF1FB0B27662A2400883114 /* States */ = {
			isa = PBXGroup;
			children = (
				6BF1FB0C27662A5B00883114 /* ResultState.swift */,
			);
			path = States;
			sourceTree = "<group>";
		};
		6BF1FB0E27662B0C00883114 /* ViewModel */ = {
			isa = PBXGroup;
			children = (
				6BF1FB0F27662B1D00883114 /* NewsViewModel.swift */,
			);
			path = ViewModel;
			sourceTree = "<group>";
		};
/* End PBXGroup section */

/* Begin PBXNativeTarget section */
		6BF1FAEA2766062500883114 /* NewsUIApp */ = {
			isa = PBXNativeTarget;
			buildConfigurationList = 6BF1FAF92766062B00883114 /* Build configuration list for PBXNativeTarget "NewsUIApp" */;
			buildPhases = (
				6BF1FAE72766062500883114 /* Sources */,
				6BF1FAE82766062500883114 /* Frameworks */,
				6BF1FAE92766062500883114 /* Resources */,
			);
			buildRules = (
			);
			dependencies = (
			);
			name = NewsUIApp;
			packageProductDependencies = (
				6BF1FB12276635F500883114 /* URLImage */,
				6BF1FB14276635F500883114 /* URLImageStore */,
			);
			productName = NewsUIApp;
			productReference = 6BF1FAEB2766062500883114 /* NewsUIApp.app */;
			productType = "com.apple.product-type.application";
		};
/* End PBXNativeTarget section */

/* Begin PBXProject section */
		6BF1FAE32766062500883114 /* Project object */ = {
			isa = PBXProject;
			attributes = {
				BuildIndependentTargetsInParallel = 1;
				LastSwiftUpdateCheck = 1310;
				LastUpgradeCheck = 1310;
				TargetAttributes = {
					6BF1FAEA2766062500883114 = {
						CreatedOnToolsVersion = 13.1;
					};
				};
			};
			buildConfigurationList = 6BF1FAE62766062500883114 /* Build configuration list for PBXProject "NewsUIApp" */;
			compatibilityVersion = "Xcode 13.0";
			developmentRegion = en;
			hasScannedForEncodings = 0;
			knownRegions = (
				en,
				Base,
			);
			mainGroup = 6BF1FAE22766062500883114;
			packageReferences = (
				6BF1FB11276635F500883114 /* XCRemoteSwiftPackageReference "url-image" */,
			);
			productRefGroup = 6BF1FAEC2766062500883114 /* Products */;
			projectDirPath = "";
			projectRoot = "";
			targets = (
				6BF1FAEA2766062500883114 /* NewsUIApp */,
			);
		};
/* End PBXProject section */

/* Begin PBXResourcesBuildPhase section */
		6BF1FAE92766062500883114 /* Resources */ = {
			isa = PBXResourcesBuildPhase;
			buildActionMask = 2147483647;
			files = (
				6BF1FAF62766062B00883114 /* Preview Assets.xcassets in Resources */,
				6BF1FAF32766062B00883114 /* Assets.xcassets in Resources */,
			);
			runOnlyForDeploymentPostprocessing = 0;
		};
/* End PBXResourcesBuildPhase section */

/* Begin PBXSourcesBuildPhase section */
		6BF1FAE72766062500883114 /* Sources */ = {
			isa = PBXSourcesBuildPhase;
			buildActionMask = 2147483647;
			files = (
				6BF1FB0D27662A5B00883114 /* ResultState.swift in Sources */,
				6BF1FB0A2766230C00883114 /* NewsService.swift in Sources */,
				6BF1FB0127660A2700883114 /* NewsRo.swift in Sources */,
				6BF1FAFE2766090300883114 /* HomeView.swift in Sources */,
				6BF1FAEF2766062500883114 /* NewsUIAppApp.swift in Sources */,
				6BF1FB1927663E5F00883114 /* ErrorView.swift in Sources */,
				6BF1FB072766217800883114 /* APIError.swift in Sources */,
				6BF1FB0427661FA200883114 /* NewsEndpoint.swift in Sources */,
				6BF1FB172766363D00883114 /* ArticleView.swift in Sources */,
				6BF1FB1027662B1D00883114 /* NewsViewModel.swift in Sources */,
			);
			runOnlyForDeploymentPostprocessing = 0;
		};
/* End PBXSourcesBuildPhase section */

/* Begin XCBuildConfiguration section */
		6BF1FAF72766062B00883114 /* Debug */ = {
			isa = XCBuildConfiguration;
			buildSettings = {
				ALWAYS_SEARCH_USER_PATHS = NO;
				CLANG_ANALYZER_NONNULL = YES;
				CLANG_ANALYZER_NUMBER_OBJECT_CONVERSION = YES_AGGRESSIVE;
				CLANG_CXX_LANGUAGE_STANDARD = "gnu++17";
				CLANG_CXX_LIBRARY = "libc++";
				CLANG_ENABLE_MODULES = YES;
				CLANG_ENABLE_OBJC_ARC = YES;
				CLANG_ENABLE_OBJC_WEAK = YES;
				CLANG_WARN_BLOCK_CAPTURE_AUTORELEASING = YES;
				CLANG_WARN_BOOL_CONVERSION = YES;
				CLANG_WARN_COMMA = YES;
				CLANG_WARN_CONSTANT_CONVERSION = YES;
				CLANG_WARN_DEPRECATED_OBJC_IMPLEMENTATIONS = YES;
				CLANG_WARN_DIRECT_OBJC_ISA_USAGE = YES_ERROR;
				CLANG_WARN_DOCUMENTATION_COMMENTS = YES;
				CLANG_WARN_EMPTY_BODY = YES;
				CLANG_WARN_ENUM_CONVERSION = YES;
				CLANG_WARN_INFINITE_RECURSION = YES;
				CLANG_WARN_INT_CONVERSION = YES;
				CLANG_WARN_NON_LITERAL_NULL_CONVERSION = YES;
				CLANG_WARN_OBJC_IMPLICIT_RETAIN_SELF = YES;
				CLANG_WARN_OBJC_LITERAL_CONVERSION = YES;
				CLANG_WARN_OBJC_ROOT_CLASS = YES_ERROR;
				CLANG_WARN_QUOTED_INCLUDE_IN_FRAMEWORK_HEADER = YES;
				CLANG_WARN_RANGE_LOOP_ANALYSIS = YES;
				CLANG_WARN_STRICT_PROTOTYPES = YES;
				CLANG_WARN_SUSPICIOUS_MOVE = YES;
				CLANG_WARN_UNGUARDED_AVAILABILITY = YES_AGGRESSIVE;
				CLANG_WARN_UNREACHABLE_CODE = YES;
				CLANG_WARN__DUPLICATE_METHOD_MATCH = YES;
				COPY_PHASE_STRIP = NO;
				DEBUG_INFORMATION_FORMAT = dwarf;
				ENABLE_STRICT_OBJC_MSGSEND = YES;
				ENABLE_TESTABILITY = YES;
				GCC_C_LANGUAGE_STANDARD = gnu11;
				GCC_DYNAMIC_NO_PIC = NO;
				GCC_NO_COMMON_BLOCKS = YES;
				GCC_OPTIMIZATION_LEVEL = 0;
				GCC_PREPROCESSOR_DEFINITIONS = (
					"DEBUG=1",
					"$(inherited)",
				);
				GCC_WARN_64_TO_32_BIT_CONVERSION = YES;
				GCC_WARN_ABOUT_RETURN_TYPE = YES_ERROR;
				GCC_WARN_UNDECLARED_SELECTOR = YES;
				GCC_WARN_UNINITIALIZED_AUTOS = YES_AGGRESSIVE;
				GCC_WARN_UNUSED_FUNCTION = YES;
				GCC_WARN_UNUSED_VARIABLE = YES;
				IPHONEOS_DEPLOYMENT_TARGET = 15.0;
				MTL_ENABLE_DEBUG_INFO = INCLUDE_SOURCE;
				MTL_FAST_MATH = YES;
				ONLY_ACTIVE_ARCH = YES;
				SDKROOT = iphoneos;
				SWIFT_ACTIVE_COMPILATION_CONDITIONS = DEBUG;
				SWIFT_OPTIMIZATION_LEVEL = "-Onone";
			};
			name = Debug;
		};
		6BF1FAF82766062B00883114 /* Release */ = {
			isa = XCBuildConfiguration;
			buildSettings = {
				ALWAYS_SEARCH_USER_PATHS = NO;
				CLANG_ANALYZER_NONNULL = YES;
				CLANG_ANALYZER_NUMBER_OBJECT_CONVERSION = YES_AGGRESSIVE;
				CLANG_CXX_LANGUAGE_STANDARD = "gnu++17";
				CLANG_CXX_LIBRARY = "libc++";
				CLANG_ENABLE_MODULES = YES;
				CLANG_ENABLE_OBJC_ARC = YES;
				CLANG_ENABLE_OBJC_WEAK = YES;
				CLANG_WARN_BLOCK_CAPTURE_AUTORELEASING = YES;
				CLANG_WARN_BOOL_CONVERSION = YES;
				CLANG_WARN_COMMA = YES;
				CLANG_WARN_CONSTANT_CONVERSION = YES;
				CLANG_WARN_DEPRECATED_OBJC_IMPLEMENTATIONS = YES;
				CLANG_WARN_DIRECT_OBJC_ISA_USAGE = YES_ERROR;
				CLANG_WARN_DOCUMENTATION_COMMENTS = YES;
				CLANG_WARN_EMPTY_BODY = YES;
				CLANG_WARN_ENUM_CONVERSION = YES;
				CLANG_WARN_INFINITE_RECURSION = YES;
				CLANG_WARN_INT_CONVERSION = YES;
				CLANG_WARN_NON_LITERAL_NULL_CONVERSION = YES;
				CLANG_WARN_OBJC_IMPLICIT_RETAIN_SELF = YES;
				CLANG_WARN_OBJC_LITERAL_CONVERSION = YES;
				CLANG_WARN_OBJC_ROOT_CLASS = YES_ERROR;
				CLANG_WARN_QUOTED_INCLUDE_IN_FRAMEWORK_HEADER = YES;
				CLANG_WARN_RANGE_LOOP_ANALYSIS = YES;
				CLANG_WARN_STRICT_PROTOTYPES = YES;
				CLANG_WARN_SUSPICIOUS_MOVE = YES;
				CLANG_WARN_UNGUARDED_AVAILABILITY = YES_AGGRESSIVE;
				CLANG_WARN_UNREACHABLE_CODE = YES;
				CLANG_WARN__DUPLICATE_METHOD_MATCH = YES;
				COPY_PHASE_STRIP = NO;
				DEBUG_INFORMATION_FORMAT = "dwarf-with-dsym";
				ENABLE_NS_ASSERTIONS = NO;
				ENABLE_STRICT_OBJC_MSGSEND = YES;
				GCC_C_LANGUAGE_STANDARD = gnu11;
				GCC_NO_COMMON_BLOCKS = YES;
				GCC_WARN_64_TO_32_BIT_CONVERSION = YES;
				GCC_WARN_ABOUT_RETURN_TYPE = YES_ERROR;
				GCC_WARN_UNDECLARED_SELECTOR = YES;
				GCC_WARN_UNINITIALIZED_AUTOS = YES_AGGRESSIVE;
				GCC_WARN_UNUSED_FUNCTION = YES;
				GCC_WARN_UNUSED_VARIABLE = YES;
				IPHONEOS_DEPLOYMENT_TARGET = 15.0;
				MTL_ENABLE_DEBUG_INFO = NO;
				MTL_FAST_MATH = YES;
				SDKROOT = iphoneos;
				SWIFT_COMPILATION_MODE = wholemodule;
				SWIFT_OPTIMIZATION_LEVEL = "-O";
				VALIDATE_PRODUCT = YES;
			};
			name = Release;
		};
		6BF1FAFA2766062B00883114 /* Debug */ = {
			isa = XCBuildConfiguration;
			buildSettings = {
				ASSETCATALOG_COMPILER_APPICON_NAME = AppIcon;
				ASSETCATALOG_COMPILER_GLOBAL_ACCENT_COLOR_NAME = AccentColor;
				CODE_SIGN_STYLE = Automatic;
				CURRENT_PROJECT_VERSION = 1;
				DEVELOPMENT_ASSET_PATHS = "\"NewsUIApp/Preview Content\"";
				DEVELOPMENT_TEAM = L2PAJC487U;
				ENABLE_PREVIEWS = YES;
				GENERATE_INFOPLIST_FILE = YES;
				INFOPLIST_KEY_UIApplicationSceneManifest_Generation = YES;
				INFOPLIST_KEY_UIApplicationSupportsIndirectInputEvents = YES;
				INFOPLIST_KEY_UILaunchScreen_Generation = YES;
				INFOPLIST_KEY_UISupportedInterfaceOrientations_iPad = "UIInterfaceOrientationPortrait UIInterfaceOrientationPortraitUpsideDown UIInterfaceOrientationLandscapeLeft UIInterfaceOrientationLandscapeRight";
				INFOPLIST_KEY_UISupportedInterfaceOrientations_iPhone = "UIInterfaceOrientationPortrait UIInterfaceOrientationLandscapeLeft UIInterfaceOrientationLandscapeRight";
				LD_RUNPATH_SEARCH_PATHS = (
					"$(inherited)",
					"@executable_path/Frameworks",
				);
				MARKETING_VERSION = 1.0;
				PRODUCT_BUNDLE_IDENTIFIER = kslff.NewsUIApp;
				PRODUCT_NAME = "$(TARGET_NAME)";
				SWIFT_EMIT_LOC_STRINGS = YES;
				SWIFT_VERSION = 5.0;
				TARGETED_DEVICE_FAMILY = "1,2";
			};
			name = Debug;
		};
		6BF1FAFB2766062B00883114 /* Release */ = {
			isa = XCBuildConfiguration;
			buildSettings = {
				ASSETCATALOG_COMPILER_APPICON_NAME = AppIcon;
				ASSETCATALOG_COMPILER_GLOBAL_ACCENT_COLOR_NAME = AccentColor;
				CODE_SIGN_STYLE = Automatic;
				CURRENT_PROJECT_VERSION = 1;
				DEVELOPMENT_ASSET_PATHS = "\"NewsUIApp/Preview Content\"";
				DEVELOPMENT_TEAM = L2PAJC487U;
				ENABLE_PREVIEWS = YES;
				GENERATE_INFOPLIST_FILE = YES;
				INFOPLIST_KEY_UIApplicationSceneManifest_Generation = YES;
				INFOPLIST_KEY_UIApplicationSupportsIndirectInputEvents = YES;
				INFOPLIST_KEY_UILaunchScreen_Generation = YES;
				INFOPLIST_KEY_UISupportedInterfaceOrientations_iPad = "UIInterfaceOrientationPortrait UIInterfaceOrientationPortraitUpsideDown UIInterfaceOrientationLandscapeLeft UIInterfaceOrientationLandscapeRight";
				INFOPLIST_KEY_UISupportedInterfaceOrientations_iPhone = "UIInterfaceOrientationPortrait UIInterfaceOrientationLandscapeLeft UIInterfaceOrientationLandscapeRight";
				LD_RUNPATH_SEARCH_PATHS = (
					"$(inherited)",
					"@executable_path/Frameworks",
				);
				MARKETING_VERSION = 1.0;
				PRODUCT_BUNDLE_IDENTIFIER = kslff.NewsUIApp;
				PRODUCT_NAME = "$(TARGET_NAME)";
				SWIFT_EMIT_LOC_STRINGS = YES;
				SWIFT_VERSION = 5.0;
				TARGETED_DEVICE_FAMILY = "1,2";
			};
			name = Release;
		};
/* End XCBuildConfiguration section */

/* Begin XCConfigurationList section */
		6BF1FAE62766062500883114 /* Build configuration list for PBXProject "NewsUIApp" */ = {
			isa = XCConfigurationList;
			buildConfigurations = (
				6BF1FAF72766062B00883114 /* Debug */,
				6BF1FAF82766062B00883114 /* Release */,
			);
			defaultConfigurationIsVisible = 0;
			defaultConfigurationName = Release;
		};
		6BF1FAF92766062B00883114 /* Build configuration list for PBXNativeTarget "NewsUIApp" */ = {
			isa = XCConfigurationList;
			buildConfigurations = (
				6BF1FAFA2766062B00883114 /* Debug */,
				6BF1FAFB2766062B00883114 /* Release */,
			);
			defaultConfigurationIsVisible = 0;
			defaultConfigurationName = Release;
		};
/* End XCConfigurationList section */

/* Begin XCRemoteSwiftPackageReference section */
		6BF1FB11276635F500883114 /* XCRemoteSwiftPackageReference "url-image" */ = {
			isa = XCRemoteSwiftPackageReference;
			repositoryURL = "https://github.com/dmytro-anokhin/url-image";
			requirement = {
				kind = upToNextMajorVersion;
				minimumVersion = 3.0.0;
			};
		};
/* End XCRemoteSwiftPackageReference section */

/* Begin XCSwiftPackageProductDependency section */
		6BF1FB12276635F500883114 /* URLImage */ = {
			isa = XCSwiftPackageProductDependency;
			package = 6BF1FB11276635F500883114 /* XCRemoteSwiftPackageReference "url-image" */;
			productName = URLImage;
		};
		6BF1FB14276635F500883114 /* URLImageStore */ = {
			isa = XCSwiftPackageProductDependency;
			package = 6BF1FB11276635F500883114 /* XCRemoteSwiftPackageReference "url-image" */;
			productName = URLImageStore;
		};
/* End XCSwiftPackageProductDependency section */
	};
	rootObject = 6BF1FAE32766062500883114 /* Project object */;
}
